// !$*UTF8*$!
{
	archiveVersion = 1;
	classes = {
	};
	objectVersion = 56;
	objects = {

/* Begin PBXBuildFile section */
		053CE46E2A91D8A70091BCD2 /* App.swift in Sources */ = {isa = PBXBuildFile; fileRef = 053CE46D2A91D8A70091BCD2 /* App.swift */; };
		053CE4722A91D8A80091BCD2 /* Assets.xcassets in Resources */ = {isa = PBXBuildFile; fileRef = 053CE4712A91D8A80091BCD2 /* Assets.xcassets */; };
		053CE4752A91D8A80091BCD2 /* Preview Assets.xcassets in Resources */ = {isa = PBXBuildFile; fileRef = 053CE4742A91D8A80091BCD2 /* Preview Assets.xcassets */; };
		053CE47F2A91D8A80091BCD2 /* AppTests.swift in Sources */ = {isa = PBXBuildFile; fileRef = 053CE47E2A91D8A80091BCD2 /* AppTests.swift */; };
		053CE4892A91D8A80091BCD2 /* AppUITests.swift in Sources */ = {isa = PBXBuildFile; fileRef = 053CE4882A91D8A80091BCD2 /* AppUITests.swift */; };
		053CE48B2A91D8A80091BCD2 /* AppUITestsLaunchTests.swift in Sources */ = {isa = PBXBuildFile; fileRef = 053CE48A2A91D8A80091BCD2 /* AppUITestsLaunchTests.swift */; };
		053CE4C52A91E62A0091BCD2 /* Playlists in Resources */ = {isa = PBXBuildFile; fileRef = 053CE4C42A91E62A0091BCD2 /* Playlists */; };
		053CE4C72A91EAF50091BCD2 /* Models.swift in Sources */ = {isa = PBXBuildFile; fileRef = 053CE4C62A91EAF50091BCD2 /* Models.swift */; };
/* End PBXBuildFile section */

/* Begin PBXContainerItemProxy section */
		053CE47B2A91D8A80091BCD2 /* PBXContainerItemProxy */ = {
			isa = PBXContainerItemProxy;
			containerPortal = 053CE4622A91D8A70091BCD2 /* Project object */;
			proxyType = 1;
			remoteGlobalIDString = 053CE4692A91D8A70091BCD2;
			remoteInfo = "upload-music";
		};
		053CE4852A91D8A80091BCD2 /* PBXContainerItemProxy */ = {
			isa = PBXContainerItemProxy;
			containerPortal = 053CE4622A91D8A70091BCD2 /* Project object */;
			proxyType = 1;
			remoteGlobalIDString = 053CE4692A91D8A70091BCD2;
			remoteInfo = "upload-music";
		};
/* End PBXContainerItemProxy section */

/* Begin PBXFileReference section */
		053CE46A2A91D8A70091BCD2 /* App.app */ = {isa = PBXFileReference; explicitFileType = wrapper.application; includeInIndex = 0; path = App.app; sourceTree = BUILT_PRODUCTS_DIR; };
		053CE46D2A91D8A70091BCD2 /* App.swift */ = {isa = PBXFileReference; lastKnownFileType = sourcecode.swift; path = App.swift; sourceTree = "<group>"; };
		053CE4712A91D8A80091BCD2 /* Assets.xcassets */ = {isa = PBXFileReference; lastKnownFileType = folder.assetcatalog; path = Assets.xcassets; sourceTree = "<group>"; };
		053CE4742A91D8A80091BCD2 /* Preview Assets.xcassets */ = {isa = PBXFileReference; lastKnownFileType = folder.assetcatalog; path = "Preview Assets.xcassets"; sourceTree = "<group>"; };
		053CE47A2A91D8A80091BCD2 /* AppTests.xctest */ = {isa = PBXFileReference; explicitFileType = wrapper.cfbundle; includeInIndex = 0; path = AppTests.xctest; sourceTree = BUILT_PRODUCTS_DIR; };
		053CE47E2A91D8A80091BCD2 /* AppTests.swift */ = {isa = PBXFileReference; lastKnownFileType = sourcecode.swift; path = AppTests.swift; sourceTree = "<group>"; };
		053CE4842A91D8A80091BCD2 /* AppUITests.xctest */ = {isa = PBXFileReference; explicitFileType = wrapper.cfbundle; includeInIndex = 0; path = AppUITests.xctest; sourceTree = BUILT_PRODUCTS_DIR; };
		053CE4882A91D8A80091BCD2 /* AppUITests.swift */ = {isa = PBXFileReference; lastKnownFileType = sourcecode.swift; path = AppUITests.swift; sourceTree = "<group>"; };
		053CE48A2A91D8A80091BCD2 /* AppUITestsLaunchTests.swift */ = {isa = PBXFileReference; lastKnownFileType = sourcecode.swift; path = AppUITestsLaunchTests.swift; sourceTree = "<group>"; };
		053CE4972A91D9A90091BCD2 /* Info.plist */ = {isa = PBXFileReference; lastKnownFileType = text.plist; path = Info.plist; sourceTree = "<group>"; };
		053CE4C42A91E62A0091BCD2 /* Playlists */ = {isa = PBXFileReference; lastKnownFileType = folder; path = Playlists; sourceTree = "<group>"; };
		053CE4C62A91EAF50091BCD2 /* Models.swift */ = {isa = PBXFileReference; lastKnownFileType = sourcecode.swift; path = Models.swift; sourceTree = "<group>"; };
/* End PBXFileReference section */

/* Begin PBXFrameworksBuildPhase section */
		053CE4672A91D8A70091BCD2 /* Frameworks */ = {
			isa = PBXFrameworksBuildPhase;
			buildActionMask = 2147483647;
			files = (
			);
			runOnlyForDeploymentPostprocessing = 0;
		};
		053CE4772A91D8A80091BCD2 /* Frameworks */ = {
			isa = PBXFrameworksBuildPhase;
			buildActionMask = 2147483647;
			files = (
			);
			runOnlyForDeploymentPostprocessing = 0;
		};
		053CE4812A91D8A80091BCD2 /* Frameworks */ = {
			isa = PBXFrameworksBuildPhase;
			buildActionMask = 2147483647;
			files = (
			);
			runOnlyForDeploymentPostprocessing = 0;
		};
/* End PBXFrameworksBuildPhase section */

/* Begin PBXGroup section */
		053CE4612A91D8A70091BCD2 = {
			isa = PBXGroup;
			children = (
				053CE4C42A91E62A0091BCD2 /* Playlists */,
				053CE46C2A91D8A70091BCD2 /* App */,
				053CE47D2A91D8A80091BCD2 /* AppTests */,
				053CE4872A91D8A80091BCD2 /* AppUITests */,
				053CE46B2A91D8A70091BCD2 /* Products */,
			);
			sourceTree = "<group>";
		};
		053CE46B2A91D8A70091BCD2 /* Products */ = {
			isa = PBXGroup;
			children = (
				053CE46A2A91D8A70091BCD2 /* App.app */,
				053CE47A2A91D8A80091BCD2 /* AppTests.xctest */,
				053CE4842A91D8A80091BCD2 /* AppUITests.xctest */,
			);
			name = Products;
			sourceTree = "<group>";
		};
		053CE46C2A91D8A70091BCD2 /* App */ = {
			isa = PBXGroup;
			children = (
				053CE4972A91D9A90091BCD2 /* Info.plist */,
				053CE46D2A91D8A70091BCD2 /* App.swift */,
				053CE4712A91D8A80091BCD2 /* Assets.xcassets */,
				053CE4732A91D8A80091BCD2 /* Preview Content */,
				053CE4C62A91EAF50091BCD2 /* Models.swift */,
			);
			path = App;
			sourceTree = "<group>";
		};
		053CE4732A91D8A80091BCD2 /* Preview Content */ = {
			isa = PBXGroup;
			children = (
				053CE4742A91D8A80091BCD2 /* Preview Assets.xcassets */,
			);
			path = "Preview Content";
			sourceTree = "<group>";
		};
		053CE47D2A91D8A80091BCD2 /* AppTests */ = {
			isa = PBXGroup;
			children = (
				053CE47E2A91D8A80091BCD2 /* AppTests.swift */,
			);
			path = AppTests;
			sourceTree = "<group>";
		};
		053CE4872A91D8A80091BCD2 /* AppUITests */ = {
			isa = PBXGroup;
			children = (
				053CE4882A91D8A80091BCD2 /* AppUITests.swift */,
				053CE48A2A91D8A80091BCD2 /* AppUITestsLaunchTests.swift */,
			);
			path = AppUITests;
			sourceTree = "<group>";
		};
/* End PBXGroup section */

/* Begin PBXNativeTarget section */
		053CE4692A91D8A70091BCD2 /* App */ = {
			isa = PBXNativeTarget;
			buildConfigurationList = 053CE48E2A91D8A80091BCD2 /* Build configuration list for PBXNativeTarget "App" */;
			buildPhases = (
				053CE4662A91D8A70091BCD2 /* Sources */,
				053CE4672A91D8A70091BCD2 /* Frameworks */,
				053CE4682A91D8A70091BCD2 /* Resources */,
			);
			buildRules = (
			);
			dependencies = (
			);
			name = App;
			productName = "upload-music";
			productReference = 053CE46A2A91D8A70091BCD2 /* App.app */;
			productType = "com.apple.product-type.application";
		};
		053CE4792A91D8A80091BCD2 /* AppTests */ = {
			isa = PBXNativeTarget;
			buildConfigurationList = 053CE4912A91D8A80091BCD2 /* Build configuration list for PBXNativeTarget "AppTests" */;
			buildPhases = (
				053CE4762A91D8A80091BCD2 /* Sources */,
				053CE4772A91D8A80091BCD2 /* Frameworks */,
				053CE4782A91D8A80091BCD2 /* Resources */,
			);
			buildRules = (
			);
			dependencies = (
				053CE47C2A91D8A80091BCD2 /* PBXTargetDependency */,
			);
			name = AppTests;
			productName = "upload-musicTests";
			productReference = 053CE47A2A91D8A80091BCD2 /* AppTests.xctest */;
			productType = "com.apple.product-type.bundle.unit-test";
		};
		053CE4832A91D8A80091BCD2 /* AppUITests */ = {
			isa = PBXNativeTarget;
			buildConfigurationList = 053CE4942A91D8A80091BCD2 /* Build configuration list for PBXNativeTarget "AppUITests" */;
			buildPhases = (
				053CE4802A91D8A80091BCD2 /* Sources */,
				053CE4812A91D8A80091BCD2 /* Frameworks */,
				053CE4822A91D8A80091BCD2 /* Resources */,
			);
			buildRules = (
			);
			dependencies = (
				053CE4862A91D8A80091BCD2 /* PBXTargetDependency */,
			);
			name = AppUITests;
			productName = "upload-musicUITests";
			productReference = 053CE4842A91D8A80091BCD2 /* AppUITests.xctest */;
			productType = "com.apple.product-type.bundle.ui-testing";
		};
/* End PBXNativeTarget section */

/* Begin PBXProject section */
		053CE4622A91D8A70091BCD2 /* Project object */ = {
			isa = PBXProject;
			attributes = {
				BuildIndependentTargetsInParallel = 1;
				LastSwiftUpdateCheck = 1430;
				LastUpgradeCheck = 1430;
				TargetAttributes = {
					053CE4692A91D8A70091BCD2 = {
						CreatedOnToolsVersion = 14.3.1;
					};
					053CE4792A91D8A80091BCD2 = {
						CreatedOnToolsVersion = 14.3.1;
						TestTargetID = 053CE4692A91D8A70091BCD2;
					};
					053CE4832A91D8A80091BCD2 = {
						CreatedOnToolsVersion = 14.3.1;
						TestTargetID = 053CE4692A91D8A70091BCD2;
					};
				};
			};
			buildConfigurationList = 053CE4652A91D8A70091BCD2 /* Build configuration list for PBXProject "App" */;
			compatibilityVersion = "Xcode 14.0";
			developmentRegion = en;
			hasScannedForEncodings = 0;
			knownRegions = (
				en,
				Base,
			);
			mainGroup = 053CE4612A91D8A70091BCD2;
			productRefGroup = 053CE46B2A91D8A70091BCD2 /* Products */;
			projectDirPath = "";
			projectRoot = "";
			targets = (
				053CE4692A91D8A70091BCD2 /* App */,
				053CE4792A91D8A80091BCD2 /* AppTests */,
				053CE4832A91D8A80091BCD2 /* AppUITests */,
			);
		};
/* End PBXProject section */

/* Begin PBXResourcesBuildPhase section */
		053CE4682A91D8A70091BCD2 /* Resources */ = {
			isa = PBXResourcesBuildPhase;
			buildActionMask = 2147483647;
			files = (
				053CE4C52A91E62A0091BCD2 /* Playlists in Resources */,
				053CE4752A91D8A80091BCD2 /* Preview Assets.xcassets in Resources */,
				053CE4722A91D8A80091BCD2 /* Assets.xcassets in Resources */,
			);
			runOnlyForDeploymentPostprocessing = 0;
		};
		053CE4782A91D8A80091BCD2 /* Resources */ = {
			isa = PBXResourcesBuildPhase;
			buildActionMask = 2147483647;
			files = (
			);
			runOnlyForDeploymentPostprocessing = 0;
		};
		053CE4822A91D8A80091BCD2 /* Resources */ = {
			isa = PBXResourcesBuildPhase;
			buildActionMask = 2147483647;
			files = (
			);
			runOnlyForDeploymentPostprocessing = 0;
		};
/* End PBXResourcesBuildPhase section */

/* Begin PBXSourcesBuildPhase section */
		053CE4662A91D8A70091BCD2 /* Sources */ = {
			isa = PBXSourcesBuildPhase;
			buildActionMask = 2147483647;
			files = (
				053CE46E2A91D8A70091BCD2 /* App.swift in Sources */,
				053CE4C72A91EAF50091BCD2 /* Models.swift in Sources */,
			);
			runOnlyForDeploymentPostprocessing = 0;
		};
		053CE4762A91D8A80091BCD2 /* Sources */ = {
			isa = PBXSourcesBuildPhase;
			buildActionMask = 2147483647;
			files = (
				053CE47F2A91D8A80091BCD2 /* AppTests.swift in Sources */,
			);
			runOnlyForDeploymentPostprocessing = 0;
		};
		053CE4802A91D8A80091BCD2 /* Sources */ = {
			isa = PBXSourcesBuildPhase;
			buildActionMask = 2147483647;
			files = (
				053CE4892A91D8A80091BCD2 /* AppUITests.swift in Sources */,
				053CE48B2A91D8A80091BCD2 /* AppUITestsLaunchTests.swift in Sources */,
			);
			runOnlyForDeploymentPostprocessing = 0;
		};
/* End PBXSourcesBuildPhase section */

/* Begin PBXTargetDependency section */
		053CE47C2A91D8A80091BCD2 /* PBXTargetDependency */ = {
			isa = PBXTargetDependency;
			target = 053CE4692A91D8A70091BCD2 /* App */;
			targetProxy = 053CE47B2A91D8A80091BCD2 /* PBXContainerItemProxy */;
		};
		053CE4862A91D8A80091BCD2 /* PBXTargetDependency */ = {
			isa = PBXTargetDependency;
			target = 053CE4692A91D8A70091BCD2 /* App */;
			targetProxy = 053CE4852A91D8A80091BCD2 /* PBXContainerItemProxy */;
		};
/* End PBXTargetDependency section */

/* Begin XCBuildConfiguration section */
		053CE48C2A91D8A80091BCD2 /* Debug */ = {
			isa = XCBuildConfiguration;
			buildSettings = {
				ALWAYS_SEARCH_USER_PATHS = NO;
				CLANG_ANALYZER_NONNULL = YES;
				CLANG_ANALYZER_NUMBER_OBJECT_CONVERSION = YES_AGGRESSIVE;
				CLANG_CXX_LANGUAGE_STANDARD = "gnu++20";
				CLANG_ENABLE_MODULES = YES;
				CLANG_ENABLE_OBJC_ARC = YES;
				CLANG_ENABLE_OBJC_WEAK = YES;
				CLANG_WARN_BLOCK_CAPTURE_AUTORELEASING = YES;
				CLANG_WARN_BOOL_CONVERSION = YES;
				CLANG_WARN_COMMA = YES;
				CLANG_WARN_CONSTANT_CONVERSION = YES;
				CLANG_WARN_DEPRECATED_OBJC_IMPLEMENTATIONS = YES;
				CLANG_WARN_DIRECT_OBJC_ISA_USAGE = YES_ERROR;
				CLANG_WARN_DOCUMENTATION_COMMENTS = YES;
				CLANG_WARN_EMPTY_BODY = YES;
				CLANG_WARN_ENUM_CONVERSION = YES;
				CLANG_WARN_INFINITE_RECURSION = YES;
				CLANG_WARN_INT_CONVERSION = YES;
				CLANG_WARN_NON_LITERAL_NULL_CONVERSION = YES;
				CLANG_WARN_OBJC_IMPLICIT_RETAIN_SELF = YES;
				CLANG_WARN_OBJC_LITERAL_CONVERSION = YES;
				CLANG_WARN_OBJC_ROOT_CLASS = YES_ERROR;
				CLANG_WARN_QUOTED_INCLUDE_IN_FRAMEWORK_HEADER = YES;
				CLANG_WARN_RANGE_LOOP_ANALYSIS = YES;
				CLANG_WARN_STRICT_PROTOTYPES = YES;
				CLANG_WARN_SUSPICIOUS_MOVE = YES;
				CLANG_WARN_UNGUARDED_AVAILABILITY = YES_AGGRESSIVE;
				CLANG_WARN_UNREACHABLE_CODE = YES;
				CLANG_WARN__DUPLICATE_METHOD_MATCH = YES;
				COPY_PHASE_STRIP = NO;
				DEBUG_INFORMATION_FORMAT = dwarf;
				ENABLE_STRICT_OBJC_MSGSEND = YES;
				ENABLE_TESTABILITY = YES;
				GCC_C_LANGUAGE_STANDARD = gnu11;
				GCC_DYNAMIC_NO_PIC = NO;
				GCC_NO_COMMON_BLOCKS = YES;
				GCC_OPTIMIZATION_LEVEL = 0;
				GCC_PREPROCESSOR_DEFINITIONS = (
					"DEBUG=1",
					"$(inherited)",
				);
				GCC_WARN_64_TO_32_BIT_CONVERSION = YES;
				GCC_WARN_ABOUT_RETURN_TYPE = YES_ERROR;
				GCC_WARN_UNDECLARED_SELECTOR = YES;
				GCC_WARN_UNINITIALIZED_AUTOS = YES_AGGRESSIVE;
				GCC_WARN_UNUSED_FUNCTION = YES;
				GCC_WARN_UNUSED_VARIABLE = YES;
				IPHONEOS_DEPLOYMENT_TARGET = 16.4;
				MTL_ENABLE_DEBUG_INFO = INCLUDE_SOURCE;
				MTL_FAST_MATH = YES;
				ONLY_ACTIVE_ARCH = YES;
				SDKROOT = iphoneos;
				SWIFT_ACTIVE_COMPILATION_CONDITIONS = DEBUG;
				SWIFT_OPTIMIZATION_LEVEL = "-Onone";
			};
			name = Debug;
		};
		053CE48D2A91D8A80091BCD2 /* Release */ = {
			isa = XCBuildConfiguration;
			buildSettings = {
				ALWAYS_SEARCH_USER_PATHS = NO;
				CLANG_ANALYZER_NONNULL = YES;
				CLANG_ANALYZER_NUMBER_OBJECT_CONVERSION = YES_AGGRESSIVE;
				CLANG_CXX_LANGUAGE_STANDARD = "gnu++20";
				CLANG_ENABLE_MODULES = YES;
				CLANG_ENABLE_OBJC_ARC = YES;
				CLANG_ENABLE_OBJC_WEAK = YES;
				CLANG_WARN_BLOCK_CAPTURE_AUTORELEASING = YES;
				CLANG_WARN_BOOL_CONVERSION = YES;
				CLANG_WARN_COMMA = YES;
				CLANG_WARN_CONSTANT_CONVERSION = YES;
				CLANG_WARN_DEPRECATED_OBJC_IMPLEMENTATIONS = YES;
				CLANG_WARN_DIRECT_OBJC_ISA_USAGE = YES_ERROR;
				CLANG_WARN_DOCUMENTATION_COMMENTS = YES;
				CLANG_WARN_EMPTY_BODY = YES;
				CLANG_WARN_ENUM_CONVERSION = YES;
				CLANG_WARN_INFINITE_RECURSION = YES;
				CLANG_WARN_INT_CONVERSION = YES;
				CLANG_WARN_NON_LITERAL_NULL_CONVERSION = YES;
				CLANG_WARN_OBJC_IMPLICIT_RETAIN_SELF = YES;
				CLANG_WARN_OBJC_LITERAL_CONVERSION = YES;
				CLANG_WARN_OBJC_ROOT_CLASS = YES_ERROR;
				CLANG_WARN_QUOTED_INCLUDE_IN_FRAMEWORK_HEADER = YES;
				CLANG_WARN_RANGE_LOOP_ANALYSIS = YES;
				CLANG_WARN_STRICT_PROTOTYPES = YES;
				CLANG_WARN_SUSPICIOUS_MOVE = YES;
				CLANG_WARN_UNGUARDED_AVAILABILITY = YES_AGGRESSIVE;
				CLANG_WARN_UNREACHABLE_CODE = YES;
				CLANG_WARN__DUPLICATE_METHOD_MATCH = YES;
				COPY_PHASE_STRIP = NO;
				DEBUG_INFORMATION_FORMAT = "dwarf-with-dsym";
				ENABLE_NS_ASSERTIONS = NO;
				ENABLE_STRICT_OBJC_MSGSEND = YES;
				GCC_C_LANGUAGE_STANDARD = gnu11;
				GCC_NO_COMMON_BLOCKS = YES;
				GCC_WARN_64_TO_32_BIT_CONVERSION = YES;
				GCC_WARN_ABOUT_RETURN_TYPE = YES_ERROR;
				GCC_WARN_UNDECLARED_SELECTOR = YES;
				GCC_WARN_UNINITIALIZED_AUTOS = YES_AGGRESSIVE;
				GCC_WARN_UNUSED_FUNCTION = YES;
				GCC_WARN_UNUSED_VARIABLE = YES;
				IPHONEOS_DEPLOYMENT_TARGET = 16.4;
				MTL_ENABLE_DEBUG_INFO = NO;
				MTL_FAST_MATH = YES;
				SDKROOT = iphoneos;
				SWIFT_COMPILATION_MODE = wholemodule;
				SWIFT_OPTIMIZATION_LEVEL = "-O";
				VALIDATE_PRODUCT = YES;
			};
			name = Release;
		};
		053CE48F2A91D8A80091BCD2 /* Debug */ = {
			isa = XCBuildConfiguration;
			buildSettings = {
				ASSETCATALOG_COMPILER_APPICON_NAME = AppIcon;
				ASSETCATALOG_COMPILER_GLOBAL_ACCENT_COLOR_NAME = AccentColor;
				CODE_SIGN_STYLE = Automatic;
				CURRENT_PROJECT_VERSION = 1;
				DEVELOPMENT_ASSET_PATHS = "\"App/Preview Content\"";
				DEVELOPMENT_TEAM = 97MPFD6ZAX;
				ENABLE_PREVIEWS = YES;
				GENERATE_INFOPLIST_FILE = YES;
				INFOPLIST_FILE = App/Info.plist;
				INFOPLIST_KEY_CFBundleDisplayName = "Upload Music";
				INFOPLIST_KEY_LSApplicationCategoryType = "public.app-category.music";
				INFOPLIST_KEY_NSAppleMusicUsageDescription = "Upload songs";
				INFOPLIST_KEY_UIApplicationSceneManifest_Generation = YES;
				INFOPLIST_KEY_UIApplicationSupportsIndirectInputEvents = YES;
				INFOPLIST_KEY_UILaunchScreen_Generation = YES;
				INFOPLIST_KEY_UISupportedInterfaceOrientations = UIInterfaceOrientationPortrait;
				INFOPLIST_KEY_UISupportedInterfaceOrientations_iPad = "UIInterfaceOrientationLandscapeLeft UIInterfaceOrientationLandscapeRight UIInterfaceOrientationPortrait UIInterfaceOrientationPortraitUpsideDown";
				LD_RUNPATH_SEARCH_PATHS = (
					"$(inherited)",
					"@executable_path/Frameworks",
				);
				MARKETING_VERSION = 1.0;
				PRODUCT_BUNDLE_IDENTIFIER = "replace.with.your.identifier.upload-music";
				PRODUCT_NAME = "$(TARGET_NAME)";
				SUPPORTED_PLATFORMS = "iphoneos iphonesimulator";
				SUPPORTS_MACCATALYST = NO;
				SUPPORTS_MAC_DESIGNED_FOR_IPHONE_IPAD = NO;
				SWIFT_EMIT_LOC_STRINGS = YES;
				SWIFT_VERSION = 5.0;
				TARGETED_DEVICE_FAMILY = 1;
			};
			name = Debug;
		};
		053CE4902A91D8A80091BCD2 /* Release */ = {
			isa = XCBuildConfiguration;
			buildSettings = {
				ASSETCATALOG_COMPILER_APPICON_NAME = AppIcon;
				ASSETCATALOG_COMPILER_GLOBAL_ACCENT_COLOR_NAME = AccentColor;
				CODE_SIGN_STYLE = Automatic;
				CURRENT_PROJECT_VERSION = 1;
				DEVELOPMENT_ASSET_PATHS = "\"App/Preview Content\"";
				DEVELOPMENT_TEAM = 97MPFD6ZAX;
				ENABLE_PREVIEWS = YES;
				GENERATE_INFOPLIST_FILE = YES;
				INFOPLIST_FILE = App/Info.plist;
				INFOPLIST_KEY_CFBundleDisplayName = "Upload Music";
				INFOPLIST_KEY_LSApplicationCategoryType = "public.app-category.music";
				INFOPLIST_KEY_NSAppleMusicUsageDescription = "Upload songs";
				INFOPLIST_KEY_UIApplicationSceneManifest_Generation = YES;
				INFOPLIST_KEY_UIApplicationSupportsIndirectInputEvents = YES;
				INFOPLIST_KEY_UILaunchScreen_Generation = YES;
				INFOPLIST_KEY_UISupportedInterfaceOrientations = UIInterfaceOrientationPortrait;
				INFOPLIST_KEY_UISupportedInterfaceOrientations_iPad = "UIInterfaceOrientationLandscapeLeft UIInterfaceOrientationLandscapeRight UIInterfaceOrientationPortrait UIInterfaceOrientationPortraitUpsideDown";
				LD_RUNPATH_SEARCH_PATHS = (
					"$(inherited)",
					"@executable_path/Frameworks",
				);
				MARKETING_VERSION = 1.0;
				PRODUCT_BUNDLE_IDENTIFIER = "replace.with.your.identifier.upload-music";
				PRODUCT_NAME = "$(TARGET_NAME)";
				SUPPORTED_PLATFORMS = "iphoneos iphonesimulator";
				SUPPORTS_MACCATALYST = NO;
				SUPPORTS_MAC_DESIGNED_FOR_IPHONE_IPAD = NO;
				SWIFT_EMIT_LOC_STRINGS = YES;
				SWIFT_VERSION = 5.0;
				TARGETED_DEVICE_FAMILY = 1;
			};
			name = Release;
		};
		053CE4922A91D8A80091BCD2 /* Debug */ = {
			isa = XCBuildConfiguration;
			buildSettings = {
				ALWAYS_EMBED_SWIFT_STANDARD_LIBRARIES = YES;
				BUNDLE_LOADER = "$(TEST_HOST)";
				CODE_SIGN_STYLE = Automatic;
				CURRENT_PROJECT_VERSION = 1;
				DEVELOPMENT_TEAM = 97MPFD6ZAX;
				GENERATE_INFOPLIST_FILE = YES;
				IPHONEOS_DEPLOYMENT_TARGET = 16.4;
				MARKETING_VERSION = 1.0;
				PRODUCT_BUNDLE_IDENTIFIER = "io.studiomeld.upload-musicTests";
				PRODUCT_NAME = "$(TARGET_NAME)";
				SUPPORTED_PLATFORMS = "iphoneos iphonesimulator";
				SUPPORTS_MACCATALYST = NO;
				SUPPORTS_MAC_DESIGNED_FOR_IPHONE_IPAD = NO;
				SWIFT_EMIT_LOC_STRINGS = NO;
				SWIFT_VERSION = 5.0;
				TARGETED_DEVICE_FAMILY = 1;
				TEST_HOST = "$(BUILT_PRODUCTS_DIR)/App.app/$(BUNDLE_EXECUTABLE_FOLDER_PATH)/App";
			};
			name = Debug;
		};
		053CE4932A91D8A80091BCD2 /* Release */ = {
			isa = XCBuildConfiguration;
			buildSettings = {
				ALWAYS_EMBED_SWIFT_STANDARD_LIBRARIES = YES;
				BUNDLE_LOADER = "$(TEST_HOST)";
				CODE_SIGN_STYLE = Automatic;
				CURRENT_PROJECT_VERSION = 1;
				DEVELOPMENT_TEAM = 97MPFD6ZAX;
				GENERATE_INFOPLIST_FILE = YES;
				IPHONEOS_DEPLOYMENT_TARGET = 16.4;
				MARKETING_VERSION = 1.0;
				PRODUCT_BUNDLE_IDENTIFIER = "io.studiomeld.upload-musicTests";
				PRODUCT_NAME = "$(TARGET_NAME)";
				SUPPORTED_PLATFORMS = "iphoneos iphonesimulator";
				SUPPORTS_MACCATALYST = NO;
				SUPPORTS_MAC_DESIGNED_FOR_IPHONE_IPAD = NO;
				SWIFT_EMIT_LOC_STRINGS = NO;
				SWIFT_VERSION = 5.0;
				TARGETED_DEVICE_FAMILY = 1;
				TEST_HOST = "$(BUILT_PRODUCTS_DIR)/App.app/$(BUNDLE_EXECUTABLE_FOLDER_PATH)/App";
			};
			name = Release;
		};
		053CE4952A91D8A80091BCD2 /* Debug */ = {
			isa = XCBuildConfiguration;
			buildSettings = {
				ALWAYS_EMBED_SWIFT_STANDARD_LIBRARIES = YES;
				CODE_SIGN_STYLE = Automatic;
				CURRENT_PROJECT_VERSION = 1;
				DEVELOPMENT_TEAM = 97MPFD6ZAX;
				GENERATE_INFOPLIST_FILE = YES;
				MARKETING_VERSION = 1.0;
				PRODUCT_BUNDLE_IDENTIFIER = "io.studiomeld.upload-musicUITests";
				PRODUCT_NAME = "$(TARGET_NAME)";
				SUPPORTED_PLATFORMS = "iphoneos iphonesimulator";
				SUPPORTS_MACCATALYST = NO;
				SUPPORTS_MAC_DESIGNED_FOR_IPHONE_IPAD = NO;
				SWIFT_EMIT_LOC_STRINGS = NO;
				SWIFT_VERSION = 5.0;
				TARGETED_DEVICE_FAMILY = 1;
				TEST_TARGET_NAME = "upload-music";
			};
			name = Debug;
		};
		053CE4962A91D8A80091BCD2 /* Release */ = {
			isa = XCBuildConfiguration;
			buildSettings = {
				ALWAYS_EMBED_SWIFT_STANDARD_LIBRARIES = YES;
				CODE_SIGN_STYLE = Automatic;
				CURRENT_PROJECT_VERSION = 1;
				DEVELOPMENT_TEAM = 97MPFD6ZAX;
				GENERATE_INFOPLIST_FILE = YES;
				MARKETING_VERSION = 1.0;
				PRODUCT_BUNDLE_IDENTIFIER = "io.studiomeld.upload-musicUITests";
				PRODUCT_NAME = "$(TARGET_NAME)";
				SUPPORTED_PLATFORMS = "iphoneos iphonesimulator";
				SUPPORTS_MACCATALYST = NO;
				SUPPORTS_MAC_DESIGNED_FOR_IPHONE_IPAD = NO;
				SWIFT_EMIT_LOC_STRINGS = NO;
				SWIFT_VERSION = 5.0;
				TARGETED_DEVICE_FAMILY = 1;
				TEST_TARGET_NAME = "upload-music";
			};
			name = Release;
		};
/* End XCBuildConfiguration section */

/* Begin XCConfigurationList section */
		053CE4652A91D8A70091BCD2 /* Build configuration list for PBXProject "App" */ = {
			isa = XCConfigurationList;
			buildConfigurations = (
				053CE48C2A91D8A80091BCD2 /* Debug */,
				053CE48D2A91D8A80091BCD2 /* Release */,
			);
			defaultConfigurationIsVisible = 0;
			defaultConfigurationName = Release;
		};
		053CE48E2A91D8A80091BCD2 /* Build configuration list for PBXNativeTarget "App" */ = {
			isa = XCConfigurationList;
			buildConfigurations = (
				053CE48F2A91D8A80091BCD2 /* Debug */,
				053CE4902A91D8A80091BCD2 /* Release */,
			);
			defaultConfigurationIsVisible = 0;
			defaultConfigurationName = Release;
		};
		053CE4912A91D8A80091BCD2 /* Build configuration list for PBXNativeTarget "AppTests" */ = {
			isa = XCConfigurationList;
			buildConfigurations = (
				053CE4922A91D8A80091BCD2 /* Debug */,
				053CE4932A91D8A80091BCD2 /* Release */,
			);
			defaultConfigurationIsVisible = 0;
			defaultConfigurationName = Release;
		};
		053CE4942A91D8A80091BCD2 /* Build configuration list for PBXNativeTarget "AppUITests" */ = {
			isa = XCConfigurationList;
			buildConfigurations = (
				053CE4952A91D8A80091BCD2 /* Debug */,
				053CE4962A91D8A80091BCD2 /* Release */,
			);
			defaultConfigurationIsVisible = 0;
			defaultConfigurationName = Release;
		};
/* End XCConfigurationList section */
	};
	rootObject = 053CE4622A91D8A70091BCD2 /* Project object */;
}
